
Microsoft Visual Studio Solution File, Format Version 12.00
# Visual Studio Version 16
VisualStudioVersion = 16.0.30611.23
MinimumVisualStudioVersion = 10.0.40219.1
Project("{FAE04EC0-301F-11D3-BF4B-00C04F79EFBC}") = "LerningGitUsingVS", "LerningGitUsingVS\LerningGitUsingVS.csproj", "{67C0C447-9F36-48D1-B0A6-E42B4BD6E602}"
EndProject
Global
	GlobalSection(SolutionConfigurationPlatforms) = preSolution
		Debug|Any CPU = Debug|Any CPU
		Release|Any CPU = Release|Any CPU
	EndGlobalSection
	GlobalSection(ProjectConfigurationPlatforms) = postSolution
		{67C0C447-9F36-48D1-B0A6-E42B4BD6E602}.Debug|Any CPU.ActiveCfg = Debug|Any CPU
		{67C0C447-9F36-48D1-B0A6-E42B4BD6E602}.Debug|Any CPU.Build.0 = Debug|Any CPU
		{67C0C447-9F36-48D1-B0A6-E42B4BD6E602}.Release|Any CPU.ActiveCfg = Release|Any CPU
		{67C0C447-9F36-48D1-B0A6-E42B4BD6E602}.Release|Any CPU.Build.0 = Release|Any CPU
	EndGlobalSection
	GlobalSection(SolutionProperties) = preSolution
		HideSolutionNode = FALSE
	EndGlobalSection
	GlobalSection(ExtensibilityGlobals) = postSolution
		SolutionGuid = {568C08C4-2D1C-4B1C-BC12-8D51430C1019}
	EndGlobalSection
EndGlobal
